<?xml version="1.0" encoding="utf-8"?>
<Project ToolsVersion="4.0" xmlns="http://schemas.microsoft.com/developer/msbuild/2003">
  <ItemGroup>
    <Filter Include="Firework">
      <UniqueIdentifier>{AE55A9B9-9A22-04C5-C33B-F26CAF673953}</UniqueIdentifier>
    </Filter>
  </ItemGroup>
  <ItemGroup>
    <ClInclude Include="src\Firework.h" />
    <ClInclude Include="src\Firework\Application.h">
      <Filter>Firework</Filter>
    </ClInclude>
    <ClInclude Include="src\Firework\Core.h">
      <Filter>Firework</Filter>
    </ClInclude>
    <ClInclude Include="src\Firework\EntryPoint.h">
      <Filter>Firework</Filter>
    </ClInclude>
    <ClInclude Include="src\Firework\Log.h">
      <Filter>Firework</Filter>
    </ClInclude>
  </ItemGroup>
  <ItemGroup>
    <ClCompile Include="src\Firework\Application.cpp">
      <Filter>Firework</Filter>
    </ClCompile>
    <ClCompile Include="src\Firework\Log.cpp">
      <Filter>Firework</Filter>
    </ClCompile>
  </ItemGroup>
</Project>